// !$*UTF8*$!
{
	archiveVersion = 1;
	classes = {
	};
	objectVersion = 50;
	objects = {

/* Begin PBXBuildFile section */
		831948BE23961FA20078AA3A /* ClassCard.swift in Sources */ = {isa = PBXBuildFile; fileRef = 831948BD23961FA20078AA3A /* ClassCard.swift */; };
		831948C12396365B0078AA3A /* HorizontalClassScroll.swift in Sources */ = {isa = PBXBuildFile; fileRef = 831948C02396365B0078AA3A /* HorizontalClassScroll.swift */; };
		83266FA322D70D6E004BCE12 /* Home.swift in Sources */ = {isa = PBXBuildFile; fileRef = 83266FA222D70D6E004BCE12 /* Home.swift */; };
		83266FA522D70D8C004BCE12 /* ClassDetailView.swift in Sources */ = {isa = PBXBuildFile; fileRef = 83266FA422D70D8C004BCE12 /* ClassDetailView.swift */; };
		83CFE62C2398A51700686246 /* QuoteCard.swift in Sources */ = {isa = PBXBuildFile; fileRef = 83CFE62B2398A51700686246 /* QuoteCard.swift */; };
		83CFE62E2398C9E900686246 /* HorizontalQuoteScroll.swift in Sources */ = {isa = PBXBuildFile; fileRef = 83CFE62D2398C9E900686246 /* HorizontalQuoteScroll.swift */; };
		83D742C722CFB673008247C0 /* AppDelegate.swift in Sources */ = {isa = PBXBuildFile; fileRef = 83D742C622CFB673008247C0 /* AppDelegate.swift */; };
		83D742C922CFB673008247C0 /* SceneDelegate.swift in Sources */ = {isa = PBXBuildFile; fileRef = 83D742C822CFB673008247C0 /* SceneDelegate.swift */; };
		83D742CB22CFB673008247C0 /* ContentView.swift in Sources */ = {isa = PBXBuildFile; fileRef = 83D742CA22CFB673008247C0 /* ContentView.swift */; };
		83D742CD22CFB676008247C0 /* Assets.xcassets in Resources */ = {isa = PBXBuildFile; fileRef = 83D742CC22CFB676008247C0 /* Assets.xcassets */; };
		83D742D022CFB676008247C0 /* Preview Assets.xcassets in Resources */ = {isa = PBXBuildFile; fileRef = 83D742CF22CFB676008247C0 /* Preview Assets.xcassets */; };
		83D742D322CFB676008247C0 /* LaunchScreen.storyboard in Resources */ = {isa = PBXBuildFile; fileRef = 83D742D122CFB676008247C0 /* LaunchScreen.storyboard */; };
		83EC69B523A6A0B7006AE36F /* InstructorAvatar.swift in Sources */ = {isa = PBXBuildFile; fileRef = 83EC69B423A6A0B7006AE36F /* InstructorAvatar.swift */; };
/* End PBXBuildFile section */

/* Begin PBXFileReference section */
		831948BD23961FA20078AA3A /* ClassCard.swift */ = {isa = PBXFileReference; lastKnownFileType = sourcecode.swift; path = ClassCard.swift; sourceTree = "<group>"; };
		831948C02396365B0078AA3A /* HorizontalClassScroll.swift */ = {isa = PBXFileReference; lastKnownFileType = sourcecode.swift; path = HorizontalClassScroll.swift; sourceTree = "<group>"; };
		83266FA222D70D6E004BCE12 /* Home.swift */ = {isa = PBXFileReference; lastKnownFileType = sourcecode.swift; path = Home.swift; sourceTree = "<group>"; };
		83266FA422D70D8C004BCE12 /* ClassDetailView.swift */ = {isa = PBXFileReference; lastKnownFileType = sourcecode.swift; path = ClassDetailView.swift; sourceTree = "<group>"; };
		83CFE62B2398A51700686246 /* QuoteCard.swift */ = {isa = PBXFileReference; lastKnownFileType = sourcecode.swift; path = QuoteCard.swift; sourceTree = "<group>"; };
		83CFE62D2398C9E900686246 /* HorizontalQuoteScroll.swift */ = {isa = PBXFileReference; lastKnownFileType = sourcecode.swift; path = HorizontalQuoteScroll.swift; sourceTree = "<group>"; };
		83D742C322CFB673008247C0 /* TipToes.app */ = {isa = PBXFileReference; explicitFileType = wrapper.application; includeInIndex = 0; path = TipToes.app; sourceTree = BUILT_PRODUCTS_DIR; };
		83D742C622CFB673008247C0 /* AppDelegate.swift */ = {isa = PBXFileReference; lastKnownFileType = sourcecode.swift; path = AppDelegate.swift; sourceTree = "<group>"; };
		83D742C822CFB673008247C0 /* SceneDelegate.swift */ = {isa = PBXFileReference; lastKnownFileType = sourcecode.swift; path = SceneDelegate.swift; sourceTree = "<group>"; };
		83D742CA22CFB673008247C0 /* ContentView.swift */ = {isa = PBXFileReference; lastKnownFileType = sourcecode.swift; path = ContentView.swift; sourceTree = "<group>"; };
		83D742CC22CFB676008247C0 /* Assets.xcassets */ = {isa = PBXFileReference; lastKnownFileType = folder.assetcatalog; path = Assets.xcassets; sourceTree = "<group>"; };
		83D742CF22CFB676008247C0 /* Preview Assets.xcassets */ = {isa = PBXFileReference; lastKnownFileType = folder.assetcatalog; path = "Preview Assets.xcassets"; sourceTree = "<group>"; };
		83D742D222CFB676008247C0 /* Base */ = {isa = PBXFileReference; lastKnownFileType = file.storyboard; name = Base; path = Base.lproj/LaunchScreen.storyboard; sourceTree = "<group>"; };
		83D742D422CFB676008247C0 /* Info.plist */ = {isa = PBXFileReference; lastKnownFileType = text.plist.xml; path = Info.plist; sourceTree = "<group>"; };
		83EC69B423A6A0B7006AE36F /* InstructorAvatar.swift */ = {isa = PBXFileReference; lastKnownFileType = sourcecode.swift; path = InstructorAvatar.swift; sourceTree = "<group>"; };
/* End PBXFileReference section */

/* Begin PBXFrameworksBuildPhase section */
		83D742C022CFB673008247C0 /* Frameworks */ = {
			isa = PBXFrameworksBuildPhase;
			buildActionMask = 2147483647;
			files = (
			);
			runOnlyForDeploymentPostprocessing = 0;
		};
/* End PBXFrameworksBuildPhase section */

/* Begin PBXGroup section */
		831948BF239636350078AA3A /* Views */ = {
			isa = PBXGroup;
			children = (
				831948C02396365B0078AA3A /* HorizontalClassScroll.swift */,
				83CFE62D2398C9E900686246 /* HorizontalQuoteScroll.swift */,
			);
			path = Views;
			sourceTree = "<group>";
		};
		83266FA122D70D59004BCE12 /* Components */ = {
			isa = PBXGroup;
			children = (
				831948BD23961FA20078AA3A /* ClassCard.swift */,
				83CFE62B2398A51700686246 /* QuoteCard.swift */,
				83EC69B423A6A0B7006AE36F /* InstructorAvatar.swift */,
			);
			path = Components;
			sourceTree = "<group>";
		};
		83D742BA22CFB673008247C0 = {
			isa = PBXGroup;
			children = (
				83D742C522CFB673008247C0 /* TipToes */,
				83D742C422CFB673008247C0 /* Products */,
			);
			sourceTree = "<group>";
		};
		83D742C422CFB673008247C0 /* Products */ = {
			isa = PBXGroup;
			children = (
				83D742C322CFB673008247C0 /* TipToes.app */,
			);
			name = Products;
			sourceTree = "<group>";
		};
		83D742C522CFB673008247C0 /* TipToes */ = {
			isa = PBXGroup;
			children = (
				83D742C622CFB673008247C0 /* AppDelegate.swift */,
				83D742C822CFB673008247C0 /* SceneDelegate.swift */,
				83266FA222D70D6E004BCE12 /* Home.swift */,
				83D742CA22CFB673008247C0 /* ContentView.swift */,
				83266FA422D70D8C004BCE12 /* ClassDetailView.swift */,
				83266FA122D70D59004BCE12 /* Components */,
				831948BF239636350078AA3A /* Views */,
				83D742CC22CFB676008247C0 /* Assets.xcassets */,
				83D742D122CFB676008247C0 /* LaunchScreen.storyboard */,
				83D742D422CFB676008247C0 /* Info.plist */,
				83D742CE22CFB676008247C0 /* Preview Content */,
			);
			path = TipToes;
			sourceTree = "<group>";
		};
		83D742CE22CFB676008247C0 /* Preview Content */ = {
			isa = PBXGroup;
			children = (
				83D742CF22CFB676008247C0 /* Preview Assets.xcassets */,
			);
			path = "Preview Content";
			sourceTree = "<group>";
		};
/* End PBXGroup section */

/* Begin PBXNativeTarget section */
		83D742C222CFB673008247C0 /* TipToes */ = {
			isa = PBXNativeTarget;
			buildConfigurationList = 83D742D722CFB676008247C0 /* Build configuration list for PBXNativeTarget "TipToes" */;
			buildPhases = (
				83D742BF22CFB673008247C0 /* Sources */,
				83D742C022CFB673008247C0 /* Frameworks */,
				83D742C122CFB673008247C0 /* Resources */,
			);
			buildRules = (
			);
			dependencies = (
			);
			name = TipToes;
			productName = TipToes;
			productReference = 83D742C322CFB673008247C0 /* TipToes.app */;
			productType = "com.apple.product-type.application";
		};
/* End PBXNativeTarget section */

/* Begin PBXProject section */
		83D742BB22CFB673008247C0 /* Project object */ = {
			isa = PBXProject;
			attributes = {
				LastSwiftUpdateCheck = 1100;
				LastUpgradeCheck = 1100;
				ORGANIZATIONNAME = "Curious Friends Club";
				TargetAttributes = {
					83D742C222CFB673008247C0 = {
						CreatedOnToolsVersion = 11.0;
					};
				};
			};
			buildConfigurationList = 83D742BE22CFB673008247C0 /* Build configuration list for PBXProject "TipToes" */;
			compatibilityVersion = "Xcode 9.3";
			developmentRegion = en;
			hasScannedForEncodings = 0;
			knownRegions = (
				en,
				Base,
			);
			mainGroup = 83D742BA22CFB673008247C0;
			productRefGroup = 83D742C422CFB673008247C0 /* Products */;
			projectDirPath = "";
			projectRoot = "";
			targets = (
				83D742C222CFB673008247C0 /* TipToes */,
			);
		};
/* End PBXProject section */

/* Begin PBXResourcesBuildPhase section */
		83D742C122CFB673008247C0 /* Resources */ = {
			isa = PBXResourcesBuildPhase;
			buildActionMask = 2147483647;
			files = (
				83D742D322CFB676008247C0 /* LaunchScreen.storyboard in Resources */,
				83D742D022CFB676008247C0 /* Preview Assets.xcassets in Resources */,
				83D742CD22CFB676008247C0 /* Assets.xcassets in Resources */,
			);
			runOnlyForDeploymentPostprocessing = 0;
		};
/* End PBXResourcesBuildPhase section */

/* Begin PBXSourcesBuildPhase section */
		83D742BF22CFB673008247C0 /* Sources */ = {
			isa = PBXSourcesBuildPhase;
			buildActionMask = 2147483647;
			files = (
				831948C12396365B0078AA3A /* HorizontalClassScroll.swift in Sources */,
				83266FA522D70D8C004BCE12 /* ClassDetailView.swift in Sources */,
				83CFE62C2398A51700686246 /* QuoteCard.swift in Sources */,
				83D742C722CFB673008247C0 /* AppDelegate.swift in Sources */,
				831948BE23961FA20078AA3A /* ClassCard.swift in Sources */,
				83D742C922CFB673008247C0 /* SceneDelegate.swift in Sources */,
				83266FA322D70D6E004BCE12 /* Home.swift in Sources */,
				83D742CB22CFB673008247C0 /* ContentView.swift in Sources */,
				83CFE62E2398C9E900686246 /* HorizontalQuoteScroll.swift in Sources */,
				83EC69B523A6A0B7006AE36F /* InstructorAvatar.swift in Sources */,
			);
			runOnlyForDeploymentPostprocessing = 0;
		};
/* End PBXSourcesBuildPhase section */

/* Begin PBXVariantGroup section */
		83D742D122CFB676008247C0 /* LaunchScreen.storyboard */ = {
			isa = PBXVariantGroup;
			children = (
				83D742D222CFB676008247C0 /* Base */,
			);
			name = LaunchScreen.storyboard;
			sourceTree = "<group>";
		};
/* End PBXVariantGroup section */

/* Begin XCBuildConfiguration section */
		83D742D522CFB676008247C0 /* Debug */ = {
			isa = XCBuildConfiguration;
			buildSettings = {
				ALWAYS_SEARCH_USER_PATHS = NO;
				CLANG_ANALYZER_NONNULL = YES;
				CLANG_ANALYZER_NUMBER_OBJECT_CONVERSION = YES_AGGRESSIVE;
				CLANG_CXX_LANGUAGE_STANDARD = "gnu++14";
				CLANG_CXX_LIBRARY = "libc++";
				CLANG_ENABLE_MODULES = YES;
				CLANG_ENABLE_OBJC_ARC = YES;
				CLANG_ENABLE_OBJC_WEAK = YES;
				CLANG_WARN_BLOCK_CAPTURE_AUTORELEASING = YES;
				CLANG_WARN_BOOL_CONVERSION = YES;
				CLANG_WARN_COMMA = YES;
				CLANG_WARN_CONSTANT_CONVERSION = YES;
				CLANG_WARN_DEPRECATED_OBJC_IMPLEMENTATIONS = YES;
				CLANG_WARN_DIRECT_OBJC_ISA_USAGE = YES_ERROR;
				CLANG_WARN_DOCUMENTATION_COMMENTS = YES;
				CLANG_WARN_EMPTY_BODY = YES;
				CLANG_WARN_ENUM_CONVERSION = YES;
				CLANG_WARN_INFINITE_RECURSION = YES;
				CLANG_WARN_INT_CONVERSION = YES;
				CLANG_WARN_NON_LITERAL_NULL_CONVERSION = YES;
				CLANG_WARN_OBJC_IMPLICIT_RETAIN_SELF = YES;
				CLANG_WARN_OBJC_LITERAL_CONVERSION = YES;
				CLANG_WARN_OBJC_ROOT_CLASS = YES_ERROR;
				CLANG_WARN_RANGE_LOOP_ANALYSIS = YES;
				CLANG_WARN_STRICT_PROTOTYPES = YES;
				CLANG_WARN_SUSPICIOUS_MOVE = YES;
				CLANG_WARN_UNGUARDED_AVAILABILITY = YES_AGGRESSIVE;
				CLANG_WARN_UNREACHABLE_CODE = YES;
				CLANG_WARN__DUPLICATE_METHOD_MATCH = YES;
				COPY_PHASE_STRIP = NO;
				DEBUG_INFORMATION_FORMAT = dwarf;
				ENABLE_STRICT_OBJC_MSGSEND = YES;
				ENABLE_TESTABILITY = YES;
				GCC_C_LANGUAGE_STANDARD = gnu11;
				GCC_DYNAMIC_NO_PIC = NO;
				GCC_NO_COMMON_BLOCKS = YES;
				GCC_OPTIMIZATION_LEVEL = 0;
				GCC_PREPROCESSOR_DEFINITIONS = (
					"DEBUG=1",
					"$(inherited)",
				);
				GCC_WARN_64_TO_32_BIT_CONVERSION = YES;
				GCC_WARN_ABOUT_RETURN_TYPE = YES_ERROR;
				GCC_WARN_UNDECLARED_SELECTOR = YES;
				GCC_WARN_UNINITIALIZED_AUTOS = YES_AGGRESSIVE;
				GCC_WARN_UNUSED_FUNCTION = YES;
				GCC_WARN_UNUSED_VARIABLE = YES;
				IPHONEOS_DEPLOYMENT_TARGET = 13.0;
				MTL_ENABLE_DEBUG_INFO = INCLUDE_SOURCE;
				MTL_FAST_MATH = YES;
				ONLY_ACTIVE_ARCH = YES;
				SDKROOT = iphoneos;
				SWIFT_ACTIVE_COMPILATION_CONDITIONS = DEBUG;
				SWIFT_OPTIMIZATION_LEVEL = "-Onone";
			};
			name = Debug;
		};
		83D742D622CFB676008247C0 /* Release */ = {
			isa = XCBuildConfiguration;
			buildSettings = {
				ALWAYS_SEARCH_USER_PATHS = NO;
				CLANG_ANALYZER_NONNULL = YES;
				CLANG_ANALYZER_NUMBER_OBJECT_CONVERSION = YES_AGGRESSIVE;
				CLANG_CXX_LANGUAGE_STANDARD = "gnu++14";
				CLANG_CXX_LIBRARY = "libc++";
				CLANG_ENABLE_MODULES = YES;
				CLANG_ENABLE_OBJC_ARC = YES;
				CLANG_ENABLE_OBJC_WEAK = YES;
				CLANG_WARN_BLOCK_CAPTURE_AUTORELEASING = YES;
				CLANG_WARN_BOOL_CONVERSION = YES;
				CLANG_WARN_COMMA = YES;
				CLANG_WARN_CONSTANT_CONVERSION = YES;
				CLANG_WARN_DEPRECATED_OBJC_IMPLEMENTATIONS = YES;
				CLANG_WARN_DIRECT_OBJC_ISA_USAGE = YES_ERROR;
				CLANG_WARN_DOCUMENTATION_COMMENTS = YES;
				CLANG_WARN_EMPTY_BODY = YES;
				CLANG_WARN_ENUM_CONVERSION = YES;
				CLANG_WARN_INFINITE_RECURSION = YES;
				CLANG_WARN_INT_CONVERSION = YES;
				CLANG_WARN_NON_LITERAL_NULL_CONVERSION = YES;
				CLANG_WARN_OBJC_IMPLICIT_RETAIN_SELF = YES;
				CLANG_WARN_OBJC_LITERAL_CONVERSION = YES;
				CLANG_WARN_OBJC_ROOT_CLASS = YES_ERROR;
				CLANG_WARN_RANGE_LOOP_ANALYSIS = YES;
				CLANG_WARN_STRICT_PROTOTYPES = YES;
				CLANG_WARN_SUSPICIOUS_MOVE = YES;
				CLANG_WARN_UNGUARDED_AVAILABILITY = YES_AGGRESSIVE;
				CLANG_WARN_UNREACHABLE_CODE = YES;
				CLANG_WARN__DUPLICATE_METHOD_MATCH = YES;
				COPY_PHASE_STRIP = NO;
				DEBUG_INFORMATION_FORMAT = "dwarf-with-dsym";
				ENABLE_NS_ASSERTIONS = NO;
				ENABLE_STRICT_OBJC_MSGSEND = YES;
				GCC_C_LANGUAGE_STANDARD = gnu11;
				GCC_NO_COMMON_BLOCKS = YES;
				GCC_WARN_64_TO_32_BIT_CONVERSION = YES;
				GCC_WARN_ABOUT_RETURN_TYPE = YES_ERROR;
				GCC_WARN_UNDECLARED_SELECTOR = YES;
				GCC_WARN_UNINITIALIZED_AUTOS = YES_AGGRESSIVE;
				GCC_WARN_UNUSED_FUNCTION = YES;
				GCC_WARN_UNUSED_VARIABLE = YES;
				IPHONEOS_DEPLOYMENT_TARGET = 13.0;
				MTL_ENABLE_DEBUG_INFO = NO;
				MTL_FAST_MATH = YES;
				SDKROOT = iphoneos;
				SWIFT_COMPILATION_MODE = wholemodule;
				SWIFT_OPTIMIZATION_LEVEL = "-O";
				VALIDATE_PRODUCT = YES;
			};
			name = Release;
		};
		83D742D822CFB676008247C0 /* Debug */ = {
			isa = XCBuildConfiguration;
			buildSettings = {
				ASSETCATALOG_COMPILER_APPICON_NAME = AppIcon;
				CODE_SIGN_STYLE = Automatic;
				DEVELOPMENT_ASSET_PATHS = "TipToes/Preview\\ Content";
				DEVELOPMENT_TEAM = SGPBBYXGYR;
				ENABLE_PREVIEWS = YES;
				INFOPLIST_FILE = TipToes/Info.plist;
				LD_RUNPATH_SEARCH_PATHS = (
					"$(inherited)",
					"@executable_path/Frameworks",
				);
				PRODUCT_BUNDLE_IDENTIFIER = cfc.TipToes;
				PRODUCT_NAME = "$(TARGET_NAME)";
				SWIFT_VERSION = 5.0;
				TARGETED_DEVICE_FAMILY = "1,2";
			};
			name = Debug;
		};
		83D742D922CFB676008247C0 /* Release */ = {
			isa = XCBuildConfiguration;
			buildSettings = {
				ASSETCATALOG_COMPILER_APPICON_NAME = AppIcon;
				CODE_SIGN_STYLE = Automatic;
				DEVELOPMENT_ASSET_PATHS = "TipToes/Preview\\ Content";
				DEVELOPMENT_TEAM = SGPBBYXGYR;
				ENABLE_PREVIEWS = YES;
				INFOPLIST_FILE = TipToes/Info.plist;
				LD_RUNPATH_SEARCH_PATHS = (
					"$(inherited)",
					"@executable_path/Frameworks",
				);
				PRODUCT_BUNDLE_IDENTIFIER = cfc.TipToes;
				PRODUCT_NAME = "$(TARGET_NAME)";
				SWIFT_VERSION = 5.0;
				TARGETED_DEVICE_FAMILY = "1,2";
			};
			name = Release;
		};
/* End XCBuildConfiguration section */

/* Begin XCConfigurationList section */
		83D742BE22CFB673008247C0 /* Build configuration list for PBXProject "TipToes" */ = {
			isa = XCConfigurationList;
			buildConfigurations = (
				83D742D522CFB676008247C0 /* Debug */,
				83D742D622CFB676008247C0 /* Release */,
			);
			defaultConfigurationIsVisible = 0;
			defaultConfigurationName = Release;
		};
		83D742D722CFB676008247C0 /* Build configuration list for PBXNativeTarget "TipToes" */ = {
			isa = XCConfigurationList;
			buildConfigurations = (
				83D742D822CFB676008247C0 /* Debug */,
				83D742D922CFB676008247C0 /* Release */,
			);
			defaultConfigurationIsVisible = 0;
			defaultConfigurationName = Release;
		};
/* End XCConfigurationList section */
	};
	rootObject = 83D742BB22CFB673008247C0 /* Project object */;
}
